PODS:
  - Flutter (1.0.0)
  - Rovenue (0.16.0)
  - rovenue_flutter_ios (0.16.0):
    - Flutter
    - Rovenue (= 0.16.0)

DEPENDENCIES:
  - Flutter (from `Flutter`)
  - Rovenue (from `../../../sdk-swift`)
  - rovenue_flutter_ios (from `.symlinks/plugins/rovenue_flutter_ios/ios`)

EXTERNAL SOURCES:
  Flutter:
    :path: Flutter
  Rovenue:
    :path: "../../../sdk-swift"
  rovenue_flutter_ios:
    :path: ".symlinks/plugins/rovenue_flutter_ios/ios"

SPEC CHECKSUMS:
  Flutter: 71a624a5bc0c04062bf19101d501e466baf2fb47
  Rovenue: c5238fcffb0582bfb4ad1a2da3f9e8ce3eeb04c6
  rovenue_flutter_ios: 73cd2dd85e41e4c0a9687780fe19212cfac955d4

PODFILE CHECKSUM: 7977e42fd0cce2fca1ffe9d384c42ba9d4a3896f

COCOAPODS: 1.16.2
